
Microsoft Visual Studio Solution File, Format Version 12.00
# Visual Studio Version 16
VisualStudioVersion = 16.0.29709.97
MinimumVisualStudioVersion = 10.0.40219.1
Project("{9A19103F-16F7-4668-BE54-9A1E7A4F7556}") = "BusinessProject", "BusinessProject\BusinessProject.csproj", "{CC491A4D-C676-4B97-A277-0B84E6597300}"
EndProject
Project("{9A19103F-16F7-4668-BE54-9A1E7A4F7556}") = "Company", "Company\Company.csproj", "{049BDBCD-BD37-4312-8834-749B2FBBA4AE}"
EndProject
Project("{9A19103F-16F7-4668-BE54-9A1E7A4F7556}") = "Test", "Test\Test.csproj", "{B948D3ED-DB51-4DE7-AC99-F2CE76AC9A6E}"
EndProject
Project("{9A19103F-16F7-4668-BE54-9A1E7A4F7556}") = "Answer-Question", "Answer-Question\Answer-Question.csproj", "{59C385E8-923F-4719-B2AB-01D8402DDDEA}"
EndProject
Global
	GlobalSection(SolutionConfigurationPlatforms) = preSolution
		Debug|Any CPU = Debug|Any CPU
		Release|Any CPU = Release|Any CPU
	EndGlobalSection
	GlobalSection(ProjectConfigurationPlatforms) = postSolution
		{CC491A4D-C676-4B97-A277-0B84E6597300}.Debug|Any CPU.ActiveCfg = Debug|Any CPU
		{CC491A4D-C676-4B97-A277-0B84E6597300}.Debug|Any CPU.Build.0 = Debug|Any CPU
		{CC491A4D-C676-4B97-A277-0B84E6597300}.Release|Any CPU.ActiveCfg = Release|Any CPU
		{CC491A4D-C676-4B97-A277-0B84E6597300}.Release|Any CPU.Build.0 = Release|Any CPU
		{049BDBCD-BD37-4312-8834-749B2FBBA4AE}.Debug|Any CPU.ActiveCfg = Debug|Any CPU
		{049BDBCD-BD37-4312-8834-749B2FBBA4AE}.Debug|Any CPU.Build.0 = Debug|Any CPU
		{049BDBCD-BD37-4312-8834-749B2FBBA4AE}.Release|Any CPU.ActiveCfg = Release|Any CPU
		{049BDBCD-BD37-4312-8834-749B2FBBA4AE}.Release|Any CPU.Build.0 = Release|Any CPU
		{B948D3ED-DB51-4DE7-AC99-F2CE76AC9A6E}.Debug|Any CPU.ActiveCfg = Debug|Any CPU
		{B948D3ED-DB51-4DE7-AC99-F2CE76AC9A6E}.Debug|Any CPU.Build.0 = Debug|Any CPU
		{B948D3ED-DB51-4DE7-AC99-F2CE76AC9A6E}.Release|Any CPU.ActiveCfg = Release|Any CPU
		{B948D3ED-DB51-4DE7-AC99-F2CE76AC9A6E}.Release|Any CPU.Build.0 = Release|Any CPU
		{59C385E8-923F-4719-B2AB-01D8402DDDEA}.Debug|Any CPU.ActiveCfg = Debug|Any CPU
		{59C385E8-923F-4719-B2AB-01D8402DDDEA}.Debug|Any CPU.Build.0 = Debug|Any CPU
		{59C385E8-923F-4719-B2AB-01D8402DDDEA}.Release|Any CPU.ActiveCfg = Release|Any CPU
		{59C385E8-923F-4719-B2AB-01D8402DDDEA}.Release|Any CPU.Build.0 = Release|Any CPU
	EndGlobalSection
	GlobalSection(SolutionProperties) = preSolution
		HideSolutionNode = FALSE
	EndGlobalSection
	GlobalSection(ExtensibilityGlobals) = postSolution
		SolutionGuid = {B4218E9C-D849-4F6C-BB26-2ACA232FAD47}
	EndGlobalSection
EndGlobal
